
Microsoft Visual Studio Solution File, Format Version 12.00
# Visual Studio Version 17
VisualStudioVersion = 17.3.32929.385
MinimumVisualStudioVersion = 10.0.40219.1
Project("{8BC9CEB8-8B4A-11D0-8D11-00A0C91BC942}") = "BTD_Project", "BTD_Project\BTD_Project.vcxproj", "{F78EF5F3-797E-45C7-BA87-C22AF4AECD41}"
EndProject
Global
	GlobalSection(SolutionConfigurationPlatforms) = preSolution
		Debug|x64 = Debug|x64
		Debug|x86 = Debug|x86
		Release|x64 = Release|x64
		Release|x86 = Release|x86
	EndGlobalSection
	GlobalSection(ProjectConfigurationPlatforms) = postSolution
		{F78EF5F3-797E-45C7-BA87-C22AF4AECD41}.Debug|x64.ActiveCfg = Debug|x64
		{F78EF5F3-797E-45C7-BA87-C22AF4AECD41}.Debug|x64.Build.0 = Debug|x64
		{F78EF5F3-797E-45C7-BA87-C22AF4AECD41}.Debug|x86.ActiveCfg = Debug|Win32
		{F78EF5F3-797E-45C7-BA87-C22AF4AECD41}.Debug|x86.Build.0 = Debug|Win32
		{F78EF5F3-797E-45C7-BA87-C22AF4AECD41}.Release|x64.ActiveCfg = Release|x64
		{F78EF5F3-797E-45C7-BA87-C22AF4AECD41}.Release|x64.Build.0 = Release|x64
		{F78EF5F3-797E-45C7-BA87-C22AF4AECD41}.Release|x86.ActiveCfg = Release|Win32
		{F78EF5F3-797E-45C7-BA87-C22AF4AECD41}.Release|x86.Build.0 = Release|Win32
	EndGlobalSection
	GlobalSection(SolutionProperties) = preSolution
		HideSolutionNode = FALSE
	EndGlobalSection
	GlobalSection(ExtensibilityGlobals) = postSolution
		SolutionGuid = {9092798D-F13F-491C-BB98-8C358806C7A9}
	EndGlobalSection
EndGlobal
